
Microsoft Visual Studio Solution File, Format Version 12.00
# Visual Studio Version 17
VisualStudioVersion = 17.4.33213.308
MinimumVisualStudioVersion = 10.0.40219.1
Project("{FAE04EC0-301F-11D3-BF4B-00C04F79EFBC}") = "asp-dotnet-core-api-healthy-food", "asp-dotnet-core-api-healthy-food\asp-dotnet-core-api-healthy-food.csproj", "{629A179C-3052-4842-AFF8-4B29A9CA288A}"
EndProject
Global
	GlobalSection(SolutionConfigurationPlatforms) = preSolution
		Debug|Any CPU = Debug|Any CPU
		Release|Any CPU = Release|Any CPU
	EndGlobalSection
	GlobalSection(ProjectConfigurationPlatforms) = postSolution
		{629A179C-3052-4842-AFF8-4B29A9CA288A}.Debug|Any CPU.ActiveCfg = Debug|Any CPU
		{629A179C-3052-4842-AFF8-4B29A9CA288A}.Debug|Any CPU.Build.0 = Debug|Any CPU
		{629A179C-3052-4842-AFF8-4B29A9CA288A}.Release|Any CPU.ActiveCfg = Release|Any CPU
		{629A179C-3052-4842-AFF8-4B29A9CA288A}.Release|Any CPU.Build.0 = Release|Any CPU
	EndGlobalSection
	GlobalSection(SolutionProperties) = preSolution
		HideSolutionNode = FALSE
	EndGlobalSection
	GlobalSection(ExtensibilityGlobals) = postSolution
		SolutionGuid = {D9CBA774-DDD4-4138-A01A-9FB1A4D191B2}
	EndGlobalSection
EndGlobal
